// !$*UTF8*$!
{
	archiveVersion = 1;
	classes = {
	};
	objectVersion = 46;
	objects = {

/* Begin PBXBuildFile section */
		140EE2DA13823C1200BAFD46 /* Default-Landscape.png in Resources */ = {isa = PBXBuildFile; fileRef = 140EE2D313823C1200BAFD46 /* Default-Landscape.png */; };
		140EE2DB13823C1200BAFD46 /* Default-Portrait.png in Resources */ = {isa = PBXBuildFile; fileRef = 140EE2D413823C1200BAFD46 /* Default-Portrait.png */; };
		140EE2DC13823C1200BAFD46 /* Default.png in Resources */ = {isa = PBXBuildFile; fileRef = 140EE2D513823C1200BAFD46 /* Default.png */; };
		140EE2DD13823C1200BAFD46 /* Default@2x.png in Resources */ = {isa = PBXBuildFile; fileRef = 140EE2D613823C1200BAFD46 /* Default@2x.png */; };
		140EE2DE13823C1200BAFD46 /* icon57x57.png in Resources */ = {isa = PBXBuildFile; fileRef = 140EE2D713823C1200BAFD46 /* icon57x57.png */; };
		140EE2DF13823C1200BAFD46 /* icon72x72.png in Resources */ = {isa = PBXBuildFile; fileRef = 140EE2D813823C1200BAFD46 /* icon72x72.png */; };
		140EE2E013823C1200BAFD46 /* icon114x114.png in Resources */ = {isa = PBXBuildFile; fileRef = 140EE2D913823C1200BAFD46 /* icon114x114.png */; };
		1416EE4F1384AEE500CED67E /* ImageLoadTestViewController.m in Sources */ = {isa = PBXBuildFile; fileRef = 1416EE441384AEE500CED67E /* ImageLoadTestViewController.m */; };
		1416EE501384AEE500CED67E /* ImageLoadTestViewController_iPad.m in Sources */ = {isa = PBXBuildFile; fileRef = 1416EE461384AEE500CED67E /* ImageLoadTestViewController_iPad.m */; };
		1416EE511384AEE500CED67E /* OrientationTestViewController.m in Sources */ = {isa = PBXBuildFile; fileRef = 1416EE481384AEE500CED67E /* OrientationTestViewController.m */; };
		1416EE521384AEE500CED67E /* OrientationTestViewController_iPad.m in Sources */ = {isa = PBXBuildFile; fileRef = 1416EE4A1384AEE500CED67E /* OrientationTestViewController_iPad.m */; };
		1416EE531384AEE500CED67E /* QuartzHelpLibraryViewController.m in Sources */ = {isa = PBXBuildFile; fileRef = 1416EE4C1384AEE500CED67E /* QuartzHelpLibraryViewController.m */; };
		1416EE541384AEE500CED67E /* QuartzHelpLibraryViewController_iPad.m in Sources */ = {isa = PBXBuildFile; fileRef = 1416EE4E1384AEE500CED67E /* QuartzHelpLibraryViewController_iPad.m */; };
		141D626F1381648C0075A615 /* testImage_Gray_JPG24.raw in Resources */ = {isa = PBXBuildFile; fileRef = 141D62661381648C0075A615 /* testImage_Gray_JPG24.raw */; };
		141D62701381648C0075A615 /* testImage_Gray_PNG24.raw in Resources */ = {isa = PBXBuildFile; fileRef = 141D62671381648C0075A615 /* testImage_Gray_PNG24.raw */; };
		141D62721381648C0075A615 /* testImage_Gray_PNG8.raw in Resources */ = {isa = PBXBuildFile; fileRef = 141D62691381648C0075A615 /* testImage_Gray_PNG8.raw */; };
		141D62741381648C0075A615 /* testImage_RGB_JPG24.raw in Resources */ = {isa = PBXBuildFile; fileRef = 141D626B1381648C0075A615 /* testImage_RGB_JPG24.raw */; };
		141D62751381648C0075A615 /* testImage_RGB_PNG24.raw in Resources */ = {isa = PBXBuildFile; fileRef = 141D626C1381648C0075A615 /* testImage_RGB_PNG24.raw */; };
		141D62771381648C0075A615 /* testImage_RGB_PNG8.raw in Resources */ = {isa = PBXBuildFile; fileRef = 141D626E1381648C0075A615 /* testImage_RGB_PNG8.raw */; };
		1427FFD7138403C10087ABD0 /* SelectTestViewController.m in Sources */ = {isa = PBXBuildFile; fileRef = 1427FFD5138403C10087ABD0 /* SelectTestViewController.m */; };
		1427FFDC138403DF0087ABD0 /* SelectTestViewController.xib in Resources */ = {isa = PBXBuildFile; fileRef = 1427FFDA138403DF0087ABD0 /* SelectTestViewController.xib */; };
		1427FFE01384041B0087ABD0 /* SelectTestViewController_iPad.m in Sources */ = {isa = PBXBuildFile; fileRef = 1427FFDE1384041B0087ABD0 /* SelectTestViewController_iPad.m */; };
		1427FFE4138404300087ABD0 /* SelectTestViewController_iPad.xib in Resources */ = {isa = PBXBuildFile; fileRef = 1427FFE2138404300087ABD0 /* SelectTestViewController_iPad.xib */; };
		1432AACE138575DD001883E9 /* testImageOrientation.m in Sources */ = {isa = PBXBuildFile; fileRef = 1432AACD138575DD001883E9 /* testImageOrientation.m */; };
		1454E3F1138413E100C9C28A /* ImageLoadTestViewController_iPad.xib in Resources */ = {isa = PBXBuildFile; fileRef = 1454E3ED138413E100C9C28A /* ImageLoadTestViewController_iPad.xib */; };
		1454E3F2138413E100C9C28A /* ImageLoadTestViewController.xib in Resources */ = {isa = PBXBuildFile; fileRef = 1454E3EF138413E100C9C28A /* ImageLoadTestViewController.xib */; };
		1454E4031384357A00C9C28A /* OrientationTestViewController.xib in Resources */ = {isa = PBXBuildFile; fileRef = 1454E4001384357A00C9C28A /* OrientationTestViewController.xib */; };
		1454E40B13843A4100C9C28A /* OrientationTestViewController_iPad.xib in Resources */ = {isa = PBXBuildFile; fileRef = 1454E40913843A4100C9C28A /* OrientationTestViewController_iPad.xib */; };
		14687ABD1352DE8E0006B3C1 /* QuartzHelpLibrary.m in Sources */ = {isa = PBXBuildFile; fileRef = 14687ABC1352DE8E0006B3C1 /* QuartzHelpLibrary.m */; };
		14687AC61352E5F10006B3C1 /* iossdkhack.jpg in Resources */ = {isa = PBXBuildFile; fileRef = 14687AC21352E5F10006B3C1 /* iossdkhack.jpg */; };
		14687AC71352E5F10006B3C1 /* iossdkhack.png in Resources */ = {isa = PBXBuildFile; fileRef = 14687AC41352E5F10006B3C1 /* iossdkhack.png */; };
		148B5D8B1352DBBD000DB37B /* UIKit.framework in Frameworks */ = {isa = PBXBuildFile; fileRef = 148B5D8A1352DBBD000DB37B /* UIKit.framework */; };
		148B5D8D1352DBBD000DB37B /* Foundation.framework in Frameworks */ = {isa = PBXBuildFile; fileRef = 148B5D8C1352DBBD000DB37B /* Foundation.framework */; };
		148B5D8F1352DBBD000DB37B /* CoreGraphics.framework in Frameworks */ = {isa = PBXBuildFile; fileRef = 148B5D8E1352DBBD000DB37B /* CoreGraphics.framework */; };
		148B5D951352DBBD000DB37B /* InfoPlist.strings in Resources */ = {isa = PBXBuildFile; fileRef = 148B5D931352DBBD000DB37B /* InfoPlist.strings */; };
		148B5D981352DBBD000DB37B /* main.m in Sources */ = {isa = PBXBuildFile; fileRef = 148B5D971352DBBD000DB37B /* main.m */; };
		148B5D9B1352DBBD000DB37B /* QuartzHelpLibraryAppDelegate.m in Sources */ = {isa = PBXBuildFile; fileRef = 148B5D9A1352DBBD000DB37B /* QuartzHelpLibraryAppDelegate.m */; };
		148B5DA41352DBBD000DB37B /* QuartzHelpLibraryViewController.xib in Resources */ = {isa = PBXBuildFile; fileRef = 148B5DA21352DBBD000DB37B /* QuartzHelpLibraryViewController.xib */; };
		14A3CEA1137A54CC008001DD /* testImage_Gray_JPG24.jpg in Resources */ = {isa = PBXBuildFile; fileRef = 14A3CE97137A54CC008001DD /* testImage_Gray_JPG24.jpg */; };
		14A3CEA2137A54CC008001DD /* testImage_Gray_PNG24.png in Resources */ = {isa = PBXBuildFile; fileRef = 14A3CE98137A54CC008001DD /* testImage_Gray_PNG24.png */; };
		14A3CEA3137A54CC008001DD /* testImage_Gray_PNG24Alpha.png in Resources */ = {isa = PBXBuildFile; fileRef = 14A3CE99137A54CC008001DD /* testImage_Gray_PNG24Alpha.png */; };
		14A3CEA4137A54CC008001DD /* testImage_Gray_PNG8.png in Resources */ = {isa = PBXBuildFile; fileRef = 14A3CE9A137A54CC008001DD /* testImage_Gray_PNG8.png */; };
		14A3CEA5137A54CC008001DD /* testImage_Gray_PNG8Alpha.png in Resources */ = {isa = PBXBuildFile; fileRef = 14A3CE9B137A54CC008001DD /* testImage_Gray_PNG8Alpha.png */; };
		14A3CEA6137A54CC008001DD /* testImage_RGB_JPG24.jpg in Resources */ = {isa = PBXBuildFile; fileRef = 14A3CE9C137A54CC008001DD /* testImage_RGB_JPG24.jpg */; };
		14A3CEA7137A54CC008001DD /* testImage_RGB_PNG24.png in Resources */ = {isa = PBXBuildFile; fileRef = 14A3CE9D137A54CC008001DD /* testImage_RGB_PNG24.png */; };
		14A3CEA8137A54CC008001DD /* testImage_RGB_PNG24Alpha.png in Resources */ = {isa = PBXBuildFile; fileRef = 14A3CE9E137A54CC008001DD /* testImage_RGB_PNG24Alpha.png */; };
		14A3CEA9137A54CC008001DD /* testImage_RGB_PNG8.png in Resources */ = {isa = PBXBuildFile; fileRef = 14A3CE9F137A54CC008001DD /* testImage_RGB_PNG8.png */; };
		14BCBE5913615FB900FE02AE /* MainWindow-iPad.xib in Resources */ = {isa = PBXBuildFile; fileRef = 14BCBE5713615FB900FE02AE /* MainWindow-iPad.xib */; };
		14BCBE62136162C200FE02AE /* QuartzHelpLibraryViewController_iPad.xib in Resources */ = {isa = PBXBuildFile; fileRef = 14BCBE60136162C200FE02AE /* QuartzHelpLibraryViewController_iPad.xib */; };
		14E25FE013614C8D0070D216 /* TestDrawCGImageFromGrayPixel.m in Sources */ = {isa = PBXBuildFile; fileRef = 14E25FD913614C8D0070D216 /* TestDrawCGImageFromGrayPixel.m */; };
		14E25FE113614C8D0070D216 /* TestDrawCGImageFromRGBPixel.m in Sources */ = {isa = PBXBuildFile; fileRef = 14E25FDB13614C8D0070D216 /* TestDrawCGImageFromRGBPixel.m */; };
		14E25FE213614C8D0070D216 /* TestUIImageViewFromGrayPixel.m in Sources */ = {isa = PBXBuildFile; fileRef = 14E25FDD13614C8D0070D216 /* TestUIImageViewFromGrayPixel.m */; };
		14E25FE313614C8D0070D216 /* TestUIImageViewFromRGBPixel.m in Sources */ = {isa = PBXBuildFile; fileRef = 14E25FDF13614C8D0070D216 /* TestUIImageViewFromRGBPixel.m */; };
		14E25FE613614E2D0070D216 /* test.m in Sources */ = {isa = PBXBuildFile; fileRef = 14E25FE513614E2D0070D216 /* test.m */; };
		14E25FFB136157B00070D216 /* MainWindow.xib in Resources */ = {isa = PBXBuildFile; fileRef = 14E25FF9136157B00070D216 /* MainWindow.xib */; };
/* End PBXBuildFile section */

/* Begin PBXFileReference section */
		140EE2D313823C1200BAFD46 /* Default-Landscape.png */ = {isa = PBXFileReference; lastKnownFileType = image.png; name = "Default-Landscape.png"; path = "QuartzHelpLibrary/Resources/image/Default-Landscape.png"; sourceTree = SOURCE_ROOT; };
		140EE2D413823C1200BAFD46 /* Default-Portrait.png */ = {isa = PBXFileReference; lastKnownFileType = image.png; name = "Default-Portrait.png"; path = "QuartzHelpLibrary/Resources/image/Default-Portrait.png"; sourceTree = SOURCE_ROOT; };
		140EE2D513823C1200BAFD46 /* Default.png */ = {isa = PBXFileReference; lastKnownFileType = image.png; name = Default.png; path = QuartzHelpLibrary/Resources/image/Default.png; sourceTree = SOURCE_ROOT; };
		140EE2D613823C1200BAFD46 /* Default@2x.png */ = {isa = PBXFileReference; lastKnownFileType = image.png; name = "Default@2x.png"; path = "QuartzHelpLibrary/Resources/image/Default@2x.png"; sourceTree = SOURCE_ROOT; };
		140EE2D713823C1200BAFD46 /* icon57x57.png */ = {isa = PBXFileReference; lastKnownFileType = image.png; name = icon57x57.png; path = QuartzHelpLibrary/Resources/image/icon57x57.png; sourceTree = SOURCE_ROOT; };
		140EE2D813823C1200BAFD46 /* icon72x72.png */ = {isa = PBXFileReference; lastKnownFileType = image.png; name = icon72x72.png; path = QuartzHelpLibrary/Resources/image/icon72x72.png; sourceTree = SOURCE_ROOT; };
		140EE2D913823C1200BAFD46 /* icon114x114.png */ = {isa = PBXFileReference; lastKnownFileType = image.png; name = icon114x114.png; path = QuartzHelpLibrary/Resources/image/icon114x114.png; sourceTree = SOURCE_ROOT; };
		1416EE431384AEE500CED67E /* ImageLoadTestViewController.h */ = {isa = PBXFileReference; fileEncoding = 4; lastKnownFileType = sourcecode.c.h; path = ImageLoadTestViewController.h; sourceTree = "<group>"; };
		1416EE441384AEE500CED67E /* ImageLoadTestViewController.m */ = {isa = PBXFileReference; fileEncoding = 4; lastKnownFileType = sourcecode.c.objc; path = ImageLoadTestViewController.m; sourceTree = "<group>"; };
		1416EE451384AEE500CED67E /* ImageLoadTestViewController_iPad.h */ = {isa = PBXFileReference; fileEncoding = 4; lastKnownFileType = sourcecode.c.h; path = ImageLoadTestViewController_iPad.h; sourceTree = "<group>"; };
		1416EE461384AEE500CED67E /* ImageLoadTestViewController_iPad.m */ = {isa = PBXFileReference; fileEncoding = 4; lastKnownFileType = sourcecode.c.objc; path = ImageLoadTestViewController_iPad.m; sourceTree = "<group>"; };
		1416EE471384AEE500CED67E /* OrientationTestViewController.h */ = {isa = PBXFileReference; fileEncoding = 4; lastKnownFileType = sourcecode.c.h; path = OrientationTestViewController.h; sourceTree = "<group>"; };
		1416EE481384AEE500CED67E /* OrientationTestViewController.m */ = {isa = PBXFileReference; fileEncoding = 4; lastKnownFileType = sourcecode.c.objc; path = OrientationTestViewController.m; sourceTree = "<group>"; };
		1416EE491384AEE500CED67E /* OrientationTestViewController_iPad.h */ = {isa = PBXFileReference; fileEncoding = 4; lastKnownFileType = sourcecode.c.h; path = OrientationTestViewController_iPad.h; sourceTree = "<group>"; };
		1416EE4A1384AEE500CED67E /* OrientationTestViewController_iPad.m */ = {isa = PBXFileReference; fileEncoding = 4; lastKnownFileType = sourcecode.c.objc; path = OrientationTestViewController_iPad.m; sourceTree = "<group>"; };
		1416EE4B1384AEE500CED67E /* QuartzHelpLibraryViewController.h */ = {isa = PBXFileReference; fileEncoding = 4; lastKnownFileType = sourcecode.c.h; path = QuartzHelpLibraryViewController.h; sourceTree = "<group>"; };
		1416EE4C1384AEE500CED67E /* QuartzHelpLibraryViewController.m */ = {isa = PBXFileReference; fileEncoding = 4; lastKnownFileType = sourcecode.c.objc; path = QuartzHelpLibraryViewController.m; sourceTree = "<group>"; };
		1416EE4D1384AEE500CED67E /* QuartzHelpLibraryViewController_iPad.h */ = {isa = PBXFileReference; fileEncoding = 4; lastKnownFileType = sourcecode.c.h; path = QuartzHelpLibraryViewController_iPad.h; sourceTree = "<group>"; };
		1416EE4E1384AEE500CED67E /* QuartzHelpLibraryViewController_iPad.m */ = {isa = PBXFileReference; fileEncoding = 4; lastKnownFileType = sourcecode.c.objc; path = QuartzHelpLibraryViewController_iPad.m; sourceTree = "<group>"; };
		141D62661381648C0075A615 /* testImage_Gray_JPG24.raw */ = {isa = PBXFileReference; lastKnownFileType = file; path = testImage_Gray_JPG24.raw; sourceTree = "<group>"; };
		141D62671381648C0075A615 /* testImage_Gray_PNG24.raw */ = {isa = PBXFileReference; lastKnownFileType = file; path = testImage_Gray_PNG24.raw; sourceTree = "<group>"; };
		141D62691381648C0075A615 /* testImage_Gray_PNG8.raw */ = {isa = PBXFileReference; lastKnownFileType = file; path = testImage_Gray_PNG8.raw; sourceTree = "<group>"; };
		141D626B1381648C0075A615 /* testImage_RGB_JPG24.raw */ = {isa = PBXFileReference; lastKnownFileType = file; path = testImage_RGB_JPG24.raw; sourceTree = "<group>"; };
		141D626C1381648C0075A615 /* testImage_RGB_PNG24.raw */ = {isa = PBXFileReference; lastKnownFileType = file; path = testImage_RGB_PNG24.raw; sourceTree = "<group>"; };
		141D626E1381648C0075A615 /* testImage_RGB_PNG8.raw */ = {isa = PBXFileReference; lastKnownFileType = file; path = testImage_RGB_PNG8.raw; sourceTree = "<group>"; };
		1427FFD4138403C10087ABD0 /* SelectTestViewController.h */ = {isa = PBXFileReference; fileEncoding = 4; lastKnownFileType = sourcecode.c.h; path = SelectTestViewController.h; sourceTree = "<group>"; };
		1427FFD5138403C10087ABD0 /* SelectTestViewController.m */ = {isa = PBXFileReference; fileEncoding = 4; lastKnownFileType = sourcecode.c.objc; path = SelectTestViewController.m; sourceTree = "<group>"; };
		1427FFDB138403DF0087ABD0 /* en */ = {isa = PBXFileReference; lastKnownFileType = file.xib; name = en; path = en.lproj/SelectTestViewController.xib; sourceTree = "<group>"; };
		1427FFDD1384041B0087ABD0 /* SelectTestViewController_iPad.h */ = {isa = PBXFileReference; fileEncoding = 4; lastKnownFileType = sourcecode.c.h; path = SelectTestViewController_iPad.h; sourceTree = "<group>"; };
		1427FFDE1384041B0087ABD0 /* SelectTestViewController_iPad.m */ = {isa = PBXFileReference; fileEncoding = 4; lastKnownFileType = sourcecode.c.objc; path = SelectTestViewController_iPad.m; sourceTree = "<group>"; };
		1427FFE3138404300087ABD0 /* en */ = {isa = PBXFileReference; lastKnownFileType = file.xib; name = en; path = en.lproj/SelectTestViewController_iPad.xib; sourceTree = "<group>"; };
		1432AACC138575DD001883E9 /* testImageOrientation.h */ = {isa = PBXFileReference; fileEncoding = 4; lastKnownFileType = sourcecode.c.h; path = testImageOrientation.h; sourceTree = "<group>"; };
		1432AACD138575DD001883E9 /* testImageOrientation.m */ = {isa = PBXFileReference; fileEncoding = 4; lastKnownFileType = sourcecode.c.objc; path = testImageOrientation.m; sourceTree = "<group>"; };
		1454E3EE138413E100C9C28A /* en */ = {isa = PBXFileReference; lastKnownFileType = file.xib; name = en; path = en.lproj/ImageLoadTestViewController_iPad.xib; sourceTree = "<group>"; };
		1454E3F0138413E100C9C28A /* en */ = {isa = PBXFileReference; lastKnownFileType = file.xib; name = en; path = en.lproj/ImageLoadTestViewController.xib; sourceTree = "<group>"; };
		1454E4011384357A00C9C28A /* en */ = {isa = PBXFileReference; lastKnownFileType = file.xib; name = en; path = en.lproj/OrientationTestViewController.xib; sourceTree = "<group>"; };
		1454E40A13843A4100C9C28A /* en */ = {isa = PBXFileReference; lastKnownFileType = file.xib; name = en; path = en.lproj/OrientationTestViewController_iPad.xib; sourceTree = "<group>"; };
		14687ABB1352DE8E0006B3C1 /* QuartzHelpLibrary.h */ = {isa = PBXFileReference; fileEncoding = 4; lastKnownFileType = sourcecode.c.h; path = QuartzHelpLibrary.h; sourceTree = "<group>"; };
		14687ABC1352DE8E0006B3C1 /* QuartzHelpLibrary.m */ = {isa = PBXFileReference; fileEncoding = 4; lastKnownFileType = sourcecode.c.objc; path = QuartzHelpLibrary.m; sourceTree = "<group>"; };
		14687AC31352E5F10006B3C1 /* en */ = {isa = PBXFileReference; lastKnownFileType = image.jpeg; name = en; path = en.lproj/iossdkhack.jpg; sourceTree = "<group>"; };
		14687AC51352E5F10006B3C1 /* en */ = {isa = PBXFileReference; lastKnownFileType = image.png; name = en; path = en.lproj/iossdkhack.png; sourceTree = "<group>"; };
		148B5D861352DBBD000DB37B /* QuartzHelpLibrary.app */ = {isa = PBXFileReference; explicitFileType = wrapper.application; includeInIndex = 0; path = QuartzHelpLibrary.app; sourceTree = BUILT_PRODUCTS_DIR; };
		148B5D8A1352DBBD000DB37B /* UIKit.framework */ = {isa = PBXFileReference; lastKnownFileType = wrapper.framework; name = UIKit.framework; path = System/Library/Frameworks/UIKit.framework; sourceTree = SDKROOT; };
		148B5D8C1352DBBD000DB37B /* Foundation.framework */ = {isa = PBXFileReference; lastKnownFileType = wrapper.framework; name = Foundation.framework; path = System/Library/Frameworks/Foundation.framework; sourceTree = SDKROOT; };
		148B5D8E1352DBBD000DB37B /* CoreGraphics.framework */ = {isa = PBXFileReference; lastKnownFileType = wrapper.framework; name = CoreGraphics.framework; path = System/Library/Frameworks/CoreGraphics.framework; sourceTree = SDKROOT; };
		148B5D921352DBBD000DB37B /* QuartzHelpLibrary-Info.plist */ = {isa = PBXFileReference; lastKnownFileType = text.plist.xml; path = "QuartzHelpLibrary-Info.plist"; sourceTree = "<group>"; };
		148B5D941352DBBD000DB37B /* en */ = {isa = PBXFileReference; lastKnownFileType = text.plist.strings; name = en; path = en.lproj/InfoPlist.strings; sourceTree = "<group>"; };
		148B5D961352DBBD000DB37B /* QuartzHelpLibrary-Prefix.pch */ = {isa = PBXFileReference; lastKnownFileType = sourcecode.c.h; path = "QuartzHelpLibrary-Prefix.pch"; sourceTree = "<group>"; };
		148B5D971352DBBD000DB37B /* main.m */ = {isa = PBXFileReference; lastKnownFileType = sourcecode.c.objc; path = main.m; sourceTree = "<group>"; };
		148B5D991352DBBD000DB37B /* QuartzHelpLibraryAppDelegate.h */ = {isa = PBXFileReference; lastKnownFileType = sourcecode.c.h; path = QuartzHelpLibraryAppDelegate.h; sourceTree = "<group>"; };
		148B5D9A1352DBBD000DB37B /* QuartzHelpLibraryAppDelegate.m */ = {isa = PBXFileReference; lastKnownFileType = sourcecode.c.objc; path = QuartzHelpLibraryAppDelegate.m; sourceTree = "<group>"; };
		148B5DA31352DBBD000DB37B /* en */ = {isa = PBXFileReference; lastKnownFileType = file.xib; name = en; path = en.lproj/QuartzHelpLibraryViewController.xib; sourceTree = "<group>"; };
		14A3CE97137A54CC008001DD /* testImage_Gray_JPG24.jpg */ = {isa = PBXFileReference; lastKnownFileType = image.jpeg; path = testImage_Gray_JPG24.jpg; sourceTree = "<group>"; };
		14A3CE98137A54CC008001DD /* testImage_Gray_PNG24.png */ = {isa = PBXFileReference; lastKnownFileType = image.png; path = testImage_Gray_PNG24.png; sourceTree = "<group>"; };
		14A3CE99137A54CC008001DD /* testImage_Gray_PNG24Alpha.png */ = {isa = PBXFileReference; lastKnownFileType = image.png; path = testImage_Gray_PNG24Alpha.png; sourceTree = "<group>"; };
		14A3CE9A137A54CC008001DD /* testImage_Gray_PNG8.png */ = {isa = PBXFileReference; lastKnownFileType = image.png; path = testImage_Gray_PNG8.png; sourceTree = "<group>"; };
		14A3CE9B137A54CC008001DD /* testImage_Gray_PNG8Alpha.png */ = {isa = PBXFileReference; lastKnownFileType = image.png; path = testImage_Gray_PNG8Alpha.png; sourceTree = "<group>"; };
		14A3CE9C137A54CC008001DD /* testImage_RGB_JPG24.jpg */ = {isa = PBXFileReference; lastKnownFileType = image.jpeg; path = testImage_RGB_JPG24.jpg; sourceTree = "<group>"; };
		14A3CE9D137A54CC008001DD /* testImage_RGB_PNG24.png */ = {isa = PBXFileReference; lastKnownFileType = image.png; path = testImage_RGB_PNG24.png; sourceTree = "<group>"; };
		14A3CE9E137A54CC008001DD /* testImage_RGB_PNG24Alpha.png */ = {isa = PBXFileReference; lastKnownFileType = image.png; path = testImage_RGB_PNG24Alpha.png; sourceTree = "<group>"; };
		14A3CE9F137A54CC008001DD /* testImage_RGB_PNG8.png */ = {isa = PBXFileReference; lastKnownFileType = image.png; path = testImage_RGB_PNG8.png; sourceTree = "<group>"; };
		14BCBE5813615FB900FE02AE /* en */ = {isa = PBXFileReference; lastKnownFileType = file.xib; name = en; path = "en.lproj/MainWindow-iPad.xib"; sourceTree = "<group>"; };
		14BCBE61136162C200FE02AE /* en */ = {isa = PBXFileReference; lastKnownFileType = file.xib; name = en; path = en.lproj/QuartzHelpLibraryViewController_iPad.xib; sourceTree = "<group>"; };
		14E25FD813614C8D0070D216 /* TestDrawCGImageFromGrayPixel.h */ = {isa = PBXFileReference; fileEncoding = 4; lastKnownFileType = sourcecode.c.h; name = TestDrawCGImageFromGrayPixel.h; path = QuartzHelpLibrary/Test/TestDrawCGImageFromGrayPixel.h; sourceTree = "<group>"; };
		14E25FD913614C8D0070D216 /* TestDrawCGImageFromGrayPixel.m */ = {isa = PBXFileReference; fileEncoding = 4; lastKnownFileType = sourcecode.c.objc; name = TestDrawCGImageFromGrayPixel.m; path = QuartzHelpLibrary/Test/TestDrawCGImageFromGrayPixel.m; sourceTree = "<group>"; };
		14E25FDA13614C8D0070D216 /* TestDrawCGImageFromRGBPixel.h */ = {isa = PBXFileReference; fileEncoding = 4; lastKnownFileType = sourcecode.c.h; name = TestDrawCGImageFromRGBPixel.h; path = QuartzHelpLibrary/Test/TestDrawCGImageFromRGBPixel.h; sourceTree = "<group>"; };
		14E25FDB13614C8D0070D216 /* TestDrawCGImageFromRGBPixel.m */ = {isa = PBXFileReference; fileEncoding = 4; lastKnownFileType = sourcecode.c.objc; name = TestDrawCGImageFromRGBPixel.m; path = QuartzHelpLibrary/Test/TestDrawCGImageFromRGBPixel.m; sourceTree = "<group>"; };
		14E25FDC13614C8D0070D216 /* TestUIImageViewFromGrayPixel.h */ = {isa = PBXFileReference; fileEncoding = 4; lastKnownFileType = sourcecode.c.h; name = TestUIImageViewFromGrayPixel.h; path = QuartzHelpLibrary/Test/TestUIImageViewFromGrayPixel.h; sourceTree = "<group>"; };
		14E25FDD13614C8D0070D216 /* TestUIImageViewFromGrayPixel.m */ = {isa = PBXFileReference; fileEncoding = 4; lastKnownFileType = sourcecode.c.objc; name = TestUIImageViewFromGrayPixel.m; path = QuartzHelpLibrary/Test/TestUIImageViewFromGrayPixel.m; sourceTree = "<group>"; };
		14E25FDE13614C8D0070D216 /* TestUIImageViewFromRGBPixel.h */ = {isa = PBXFileReference; fileEncoding = 4; lastKnownFileType = sourcecode.c.h; name = TestUIImageViewFromRGBPixel.h; path = QuartzHelpLibrary/Test/TestUIImageViewFromRGBPixel.h; sourceTree = "<group>"; };
		14E25FDF13614C8D0070D216 /* TestUIImageViewFromRGBPixel.m */ = {isa = PBXFileReference; fileEncoding = 4; lastKnownFileType = sourcecode.c.objc; name = TestUIImageViewFromRGBPixel.m; path = QuartzHelpLibrary/Test/TestUIImageViewFromRGBPixel.m; sourceTree = "<group>"; };
		14E25FE413614E2D0070D216 /* test.h */ = {isa = PBXFileReference; fileEncoding = 4; lastKnownFileType = sourcecode.c.h; name = test.h; path = QuartzHelpLibrary/Test/test.h; sourceTree = "<group>"; };
		14E25FE513614E2D0070D216 /* test.m */ = {isa = PBXFileReference; fileEncoding = 4; lastKnownFileType = sourcecode.c.objc; name = test.m; path = QuartzHelpLibrary/Test/test.m; sourceTree = "<group>"; };
		14E25FFA136157B00070D216 /* en */ = {isa = PBXFileReference; lastKnownFileType = file.xib; name = en; path = en.lproj/MainWindow.xib; sourceTree = "<group>"; };
/* End PBXFileReference section */

/* Begin PBXFrameworksBuildPhase section */
		148B5D831352DBBD000DB37B /* Frameworks */ = {
			isa = PBXFrameworksBuildPhase;
			buildActionMask = 2147483647;
			files = (
				148B5D8B1352DBBD000DB37B /* UIKit.framework in Frameworks */,
				148B5D8D1352DBBD000DB37B /* Foundation.framework in Frameworks */,
				148B5D8F1352DBBD000DB37B /* CoreGraphics.framework in Frameworks */,
			);
			runOnlyForDeploymentPostprocessing = 0;
		};
/* End PBXFrameworksBuildPhase section */

/* Begin PBXGroup section */
		1416AEBE1360145500B89C45 /* Test */ = {
			isa = PBXGroup;
			children = (
				14687AC21352E5F10006B3C1 /* iossdkhack.jpg */,
				14687AC41352E5F10006B3C1 /* iossdkhack.png */,
				14E25FE413614E2D0070D216 /* test.h */,
				14E25FE513614E2D0070D216 /* test.m */,
				1432AACC138575DD001883E9 /* testImageOrientation.h */,
				1432AACD138575DD001883E9 /* testImageOrientation.m */,
				14E25FD813614C8D0070D216 /* TestDrawCGImageFromGrayPixel.h */,
				14E25FD913614C8D0070D216 /* TestDrawCGImageFromGrayPixel.m */,
				14E25FDA13614C8D0070D216 /* TestDrawCGImageFromRGBPixel.h */,
				14E25FDB13614C8D0070D216 /* TestDrawCGImageFromRGBPixel.m */,
				14E25FDC13614C8D0070D216 /* TestUIImageViewFromGrayPixel.h */,
				14E25FDD13614C8D0070D216 /* TestUIImageViewFromGrayPixel.m */,
				14E25FDE13614C8D0070D216 /* TestUIImageViewFromRGBPixel.h */,
				14E25FDF13614C8D0070D216 /* TestUIImageViewFromRGBPixel.m */,
			);
			name = Test;
			sourceTree = "<group>";
		};
		1416EE421384AEE500CED67E /* TestViewControllers */ = {
			isa = PBXGroup;
			children = (
				1416EE431384AEE500CED67E /* ImageLoadTestViewController.h */,
				1416EE441384AEE500CED67E /* ImageLoadTestViewController.m */,
				1416EE451384AEE500CED67E /* ImageLoadTestViewController_iPad.h */,
				1416EE461384AEE500CED67E /* ImageLoadTestViewController_iPad.m */,
				1416EE471384AEE500CED67E /* OrientationTestViewController.h */,
				1416EE481384AEE500CED67E /* OrientationTestViewController.m */,
				1416EE491384AEE500CED67E /* OrientationTestViewController_iPad.h */,
				1416EE4A1384AEE500CED67E /* OrientationTestViewController_iPad.m */,
				1416EE4B1384AEE500CED67E /* QuartzHelpLibraryViewController.h */,
				1416EE4C1384AEE500CED67E /* QuartzHelpLibraryViewController.m */,
				1416EE4D1384AEE500CED67E /* QuartzHelpLibraryViewController_iPad.h */,
				1416EE4E1384AEE500CED67E /* QuartzHelpLibraryViewController_iPad.m */,
			);
			name = TestViewControllers;
			path = QuartzHelpLibrary/TestViewControllers;
			sourceTree = "<group>";
		};
		141D62651381648C0075A615 /* rawForTest */ = {
			isa = PBXGroup;
			children = (
				141D62661381648C0075A615 /* testImage_Gray_JPG24.raw */,
				141D62671381648C0075A615 /* testImage_Gray_PNG24.raw */,
				141D62691381648C0075A615 /* testImage_Gray_PNG8.raw */,
				141D626B1381648C0075A615 /* testImage_RGB_JPG24.raw */,
				141D626C1381648C0075A615 /* testImage_RGB_PNG24.raw */,
				141D626E1381648C0075A615 /* testImage_RGB_PNG8.raw */,
			);
			path = rawForTest;
			sourceTree = "<group>";
		};
		148B5D7B1352DBBC000DB37B = {
			isa = PBXGroup;
			children = (
				14687ABB1352DE8E0006B3C1 /* QuartzHelpLibrary.h */,
				14687ABC1352DE8E0006B3C1 /* QuartzHelpLibrary.m */,
				1416AEBE1360145500B89C45 /* Test */,
				1416EE421384AEE500CED67E /* TestViewControllers */,
				148B5D911352DBBD000DB37B /* Supporting Files */,
				148B5D901352DBBD000DB37B /* QuartzHelpLibrary */,
				14B377DD1365BF4600738C9C /* Resources */,
				14A3CE96137A54CC008001DD /* testImages */,
				148B5D891352DBBD000DB37B /* Frameworks */,
				148B5D871352DBBD000DB37B /* Products */,
			);
			sourceTree = "<group>";
		};
		148B5D871352DBBD000DB37B /* Products */ = {
			isa = PBXGroup;
			children = (
				148B5D861352DBBD000DB37B /* QuartzHelpLibrary.app */,
			);
			name = Products;
			sourceTree = "<group>";
		};
		148B5D891352DBBD000DB37B /* Frameworks */ = {
			isa = PBXGroup;
			children = (
				148B5D8A1352DBBD000DB37B /* UIKit.framework */,
				148B5D8C1352DBBD000DB37B /* Foundation.framework */,
				148B5D8E1352DBBD000DB37B /* CoreGraphics.framework */,
			);
			name = Frameworks;
			sourceTree = "<group>";
		};
		148B5D901352DBBD000DB37B /* QuartzHelpLibrary */ = {
			isa = PBXGroup;
			children = (
				1427FFD4138403C10087ABD0 /* SelectTestViewController.h */,
				1427FFD5138403C10087ABD0 /* SelectTestViewController.m */,
				1427FFDD1384041B0087ABD0 /* SelectTestViewController_iPad.h */,
				1427FFDE1384041B0087ABD0 /* SelectTestViewController_iPad.m */,
				148B5D991352DBBD000DB37B /* QuartzHelpLibraryAppDelegate.h */,
				148B5D9A1352DBBD000DB37B /* QuartzHelpLibraryAppDelegate.m */,
			);
			path = QuartzHelpLibrary;
			sourceTree = "<group>";
		};
		148B5D911352DBBD000DB37B /* Supporting Files */ = {
			isa = PBXGroup;
			children = (
				1454E4001384357A00C9C28A /* OrientationTestViewController.xib */,
				1454E40913843A4100C9C28A /* OrientationTestViewController_iPad.xib */,
				1454E3EF138413E100C9C28A /* ImageLoadTestViewController.xib */,
				1454E3ED138413E100C9C28A /* ImageLoadTestViewController_iPad.xib */,
				1427FFDA138403DF0087ABD0 /* SelectTestViewController.xib */,
				1427FFE2138404300087ABD0 /* SelectTestViewController_iPad.xib */,
				148B5DA21352DBBD000DB37B /* QuartzHelpLibraryViewController.xib */,
				14BCBE60136162C200FE02AE /* QuartzHelpLibraryViewController_iPad.xib */,
				14E25FF9136157B00070D216 /* MainWindow.xib */,
				14BCBE5713615FB900FE02AE /* MainWindow-iPad.xib */,
				148B5D921352DBBD000DB37B /* QuartzHelpLibrary-Info.plist */,
				148B5D931352DBBD000DB37B /* InfoPlist.strings */,
				148B5D961352DBBD000DB37B /* QuartzHelpLibrary-Prefix.pch */,
				148B5D971352DBBD000DB37B /* main.m */,
			);
			name = "Supporting Files";
			path = QuartzHelpLibrary;
			sourceTree = "<group>";
		};
		14A3CE96137A54CC008001DD /* testImages */ = {
			isa = PBXGroup;
			children = (
				141D62651381648C0075A615 /* rawForTest */,
				14A3CE97137A54CC008001DD /* testImage_Gray_JPG24.jpg */,
				14A3CE98137A54CC008001DD /* testImage_Gray_PNG24.png */,
				14A3CE99137A54CC008001DD /* testImage_Gray_PNG24Alpha.png */,
				14A3CE9A137A54CC008001DD /* testImage_Gray_PNG8.png */,
				14A3CE9B137A54CC008001DD /* testImage_Gray_PNG8Alpha.png */,
				14A3CE9C137A54CC008001DD /* testImage_RGB_JPG24.jpg */,
				14A3CE9D137A54CC008001DD /* testImage_RGB_PNG24.png */,
				14A3CE9E137A54CC008001DD /* testImage_RGB_PNG24Alpha.png */,
				14A3CE9F137A54CC008001DD /* testImage_RGB_PNG8.png */,
			);
			name = testImages;
			path = QuartzHelpLibrary/testImages;
			sourceTree = "<group>";
		};
		14B377DD1365BF4600738C9C /* Resources */ = {
			isa = PBXGroup;
			children = (
				14B377DE1365BF4600738C9C /* image */,
			);
			name = Resources;
			path = ../iOSCameraImageProcessing/cv/Resources;
			sourceTree = "<group>";
		};
		14B377DE1365BF4600738C9C /* image */ = {
			isa = PBXGroup;
			children = (
				140EE2D313823C1200BAFD46 /* Default-Landscape.png */,
				140EE2D413823C1200BAFD46 /* Default-Portrait.png */,
				140EE2D513823C1200BAFD46 /* Default.png */,
				140EE2D613823C1200BAFD46 /* Default@2x.png */,
				140EE2D713823C1200BAFD46 /* icon57x57.png */,
				140EE2D813823C1200BAFD46 /* icon72x72.png */,
				140EE2D913823C1200BAFD46 /* icon114x114.png */,
			);
			path = image;
			sourceTree = "<group>";
		};
/* End PBXGroup section */

/* Begin PBXNativeTarget section */
		148B5D851352DBBD000DB37B /* QuartzHelpLibrary */ = {
			isa = PBXNativeTarget;
			buildConfigurationList = 148B5DA71352DBBD000DB37B /* Build configuration list for PBXNativeTarget "QuartzHelpLibrary" */;
			buildPhases = (
				148B5D821352DBBD000DB37B /* Sources */,
				148B5D831352DBBD000DB37B /* Frameworks */,
				148B5D841352DBBD000DB37B /* Resources */,
			);
			buildRules = (
			);
			dependencies = (
			);
			name = QuartzHelpLibrary;
			productName = QuartzHelpLibrary;
			productReference = 148B5D861352DBBD000DB37B /* QuartzHelpLibrary.app */;
			productType = "com.apple.product-type.application";
		};
/* End PBXNativeTarget section */

/* Begin PBXProject section */
		148B5D7D1352DBBC000DB37B /* Project object */ = {
			isa = PBXProject;
			buildConfigurationList = 148B5D801352DBBC000DB37B /* Build configuration list for PBXProject "QuartzHelpLibrary" */;
			compatibilityVersion = "Xcode 3.2";
			developmentRegion = English;
			hasScannedForEncodings = 0;
			knownRegions = (
				en,
			);
			mainGroup = 148B5D7B1352DBBC000DB37B;
			productRefGroup = 148B5D871352DBBD000DB37B /* Products */;
			projectDirPath = "";
			projectRoot = "";
			targets = (
				148B5D851352DBBD000DB37B /* QuartzHelpLibrary */,
			);
		};
/* End PBXProject section */

/* Begin PBXResourcesBuildPhase section */
		148B5D841352DBBD000DB37B /* Resources */ = {
			isa = PBXResourcesBuildPhase;
			buildActionMask = 2147483647;
			files = (
				148B5D951352DBBD000DB37B /* InfoPlist.strings in Resources */,
				148B5DA41352DBBD000DB37B /* QuartzHelpLibraryViewController.xib in Resources */,
				14687AC61352E5F10006B3C1 /* iossdkhack.jpg in Resources */,
				14687AC71352E5F10006B3C1 /* iossdkhack.png in Resources */,
				14E25FFB136157B00070D216 /* MainWindow.xib in Resources */,
				14BCBE5913615FB900FE02AE /* MainWindow-iPad.xib in Resources */,
				14BCBE62136162C200FE02AE /* QuartzHelpLibraryViewController_iPad.xib in Resources */,
				14A3CEA1137A54CC008001DD /* testImage_Gray_JPG24.jpg in Resources */,
				14A3CEA2137A54CC008001DD /* testImage_Gray_PNG24.png in Resources */,
				14A3CEA3137A54CC008001DD /* testImage_Gray_PNG24Alpha.png in Resources */,
				14A3CEA4137A54CC008001DD /* testImage_Gray_PNG8.png in Resources */,
				14A3CEA5137A54CC008001DD /* testImage_Gray_PNG8Alpha.png in Resources */,
				14A3CEA6137A54CC008001DD /* testImage_RGB_JPG24.jpg in Resources */,
				14A3CEA7137A54CC008001DD /* testImage_RGB_PNG24.png in Resources */,
				14A3CEA8137A54CC008001DD /* testImage_RGB_PNG24Alpha.png in Resources */,
				14A3CEA9137A54CC008001DD /* testImage_RGB_PNG8.png in Resources */,
				141D626F1381648C0075A615 /* testImage_Gray_JPG24.raw in Resources */,
				141D62701381648C0075A615 /* testImage_Gray_PNG24.raw in Resources */,
				141D62721381648C0075A615 /* testImage_Gray_PNG8.raw in Resources */,
				141D62741381648C0075A615 /* testImage_RGB_JPG24.raw in Resources */,
				141D62751381648C0075A615 /* testImage_RGB_PNG24.raw in Resources */,
				141D62771381648C0075A615 /* testImage_RGB_PNG8.raw in Resources */,
				140EE2DA13823C1200BAFD46 /* Default-Landscape.png in Resources */,
				140EE2DB13823C1200BAFD46 /* Default-Portrait.png in Resources */,
				140EE2DC13823C1200BAFD46 /* Default.png in Resources */,
				140EE2DD13823C1200BAFD46 /* Default@2x.png in Resources */,
				140EE2DE13823C1200BAFD46 /* icon57x57.png in Resources */,
				140EE2DF13823C1200BAFD46 /* icon72x72.png in Resources */,
				140EE2E013823C1200BAFD46 /* icon114x114.png in Resources */,
				1427FFDC138403DF0087ABD0 /* SelectTestViewController.xib in Resources */,
				1427FFE4138404300087ABD0 /* SelectTestViewController_iPad.xib in Resources */,
				1454E3F1138413E100C9C28A /* ImageLoadTestViewController_iPad.xib in Resources */,
				1454E3F2138413E100C9C28A /* ImageLoadTestViewController.xib in Resources */,
				1454E4031384357A00C9C28A /* OrientationTestViewController.xib in Resources */,
				1454E40B13843A4100C9C28A /* OrientationTestViewController_iPad.xib in Resources */,
			);
			runOnlyForDeploymentPostprocessing = 0;
		};
/* End PBXResourcesBuildPhase section */

/* Begin PBXSourcesBuildPhase section */
		148B5D821352DBBD000DB37B /* Sources */ = {
			isa = PBXSourcesBuildPhase;
			buildActionMask = 2147483647;
			files = (
				148B5D981352DBBD000DB37B /* main.m in Sources */,
				148B5D9B1352DBBD000DB37B /* QuartzHelpLibraryAppDelegate.m in Sources */,
				14687ABD1352DE8E0006B3C1 /* QuartzHelpLibrary.m in Sources */,
				14E25FE013614C8D0070D216 /* TestDrawCGImageFromGrayPixel.m in Sources */,
				14E25FE113614C8D0070D216 /* TestDrawCGImageFromRGBPixel.m in Sources */,
				14E25FE213614C8D0070D216 /* TestUIImageViewFromGrayPixel.m in Sources */,
				14E25FE313614C8D0070D216 /* TestUIImageViewFromRGBPixel.m in Sources */,
				14E25FE613614E2D0070D216 /* test.m in Sources */,
				1427FFD7138403C10087ABD0 /* SelectTestViewController.m in Sources */,
				1427FFE01384041B0087ABD0 /* SelectTestViewController_iPad.m in Sources */,
				1416EE4F1384AEE500CED67E /* ImageLoadTestViewController.m in Sources */,
				1416EE501384AEE500CED67E /* ImageLoadTestViewController_iPad.m in Sources */,
				1416EE511384AEE500CED67E /* OrientationTestViewController.m in Sources */,
				1416EE521384AEE500CED67E /* OrientationTestViewController_iPad.m in Sources */,
				1416EE531384AEE500CED67E /* QuartzHelpLibraryViewController.m in Sources */,
				1416EE541384AEE500CED67E /* QuartzHelpLibraryViewController_iPad.m in Sources */,
				1432AACE138575DD001883E9 /* testImageOrientation.m in Sources */,
			);
			runOnlyForDeploymentPostprocessing = 0;
		};
/* End PBXSourcesBuildPhase section */

/* Begin PBXVariantGroup section */
		1427FFDA138403DF0087ABD0 /* SelectTestViewController.xib */ = {
			isa = PBXVariantGroup;
			children = (
				1427FFDB138403DF0087ABD0 /* en */,
			);
			name = SelectTestViewController.xib;
			sourceTree = "<group>";
		};
		1427FFE2138404300087ABD0 /* SelectTestViewController_iPad.xib */ = {
			isa = PBXVariantGroup;
			children = (
				1427FFE3138404300087ABD0 /* en */,
			);
			name = SelectTestViewController_iPad.xib;
			sourceTree = "<group>";
		};
		1454E3ED138413E100C9C28A /* ImageLoadTestViewController_iPad.xib */ = {
			isa = PBXVariantGroup;
			children = (
				1454E3EE138413E100C9C28A /* en */,
			);
			name = ImageLoadTestViewController_iPad.xib;
			sourceTree = "<group>";
		};
		1454E3EF138413E100C9C28A /* ImageLoadTestViewController.xib */ = {
			isa = PBXVariantGroup;
			children = (
				1454E3F0138413E100C9C28A /* en */,
			);
			name = ImageLoadTestViewController.xib;
			sourceTree = "<group>";
		};
		1454E4001384357A00C9C28A /* OrientationTestViewController.xib */ = {
			isa = PBXVariantGroup;
			children = (
				1454E4011384357A00C9C28A /* en */,
			);
			name = OrientationTestViewController.xib;
			sourceTree = "<group>";
		};
		1454E40913843A4100C9C28A /* OrientationTestViewController_iPad.xib */ = {
			isa = PBXVariantGroup;
			children = (
				1454E40A13843A4100C9C28A /* en */,
			);
			name = OrientationTestViewController_iPad.xib;
			sourceTree = "<group>";
		};
		14687AC21352E5F10006B3C1 /* iossdkhack.jpg */ = {
			isa = PBXVariantGroup;
			children = (
				14687AC31352E5F10006B3C1 /* en */,
			);
			name = iossdkhack.jpg;
			path = QuartzHelpLibrary;
			sourceTree = "<group>";
		};
		14687AC41352E5F10006B3C1 /* iossdkhack.png */ = {
			isa = PBXVariantGroup;
			children = (
				14687AC51352E5F10006B3C1 /* en */,
			);
			name = iossdkhack.png;
			path = QuartzHelpLibrary;
			sourceTree = "<group>";
		};
		148B5D931352DBBD000DB37B /* InfoPlist.strings */ = {
			isa = PBXVariantGroup;
			children = (
				148B5D941352DBBD000DB37B /* en */,
			);
			name = InfoPlist.strings;
			sourceTree = "<group>";
		};
		148B5DA21352DBBD000DB37B /* QuartzHelpLibraryViewController.xib */ = {
			isa = PBXVariantGroup;
			children = (
				148B5DA31352DBBD000DB37B /* en */,
			);
			name = QuartzHelpLibraryViewController.xib;
			sourceTree = "<group>";
		};
		14BCBE5713615FB900FE02AE /* MainWindow-iPad.xib */ = {
			isa = PBXVariantGroup;
			children = (
				14BCBE5813615FB900FE02AE /* en */,
			);
			name = "MainWindow-iPad.xib";
			sourceTree = "<group>";
		};
		14BCBE60136162C200FE02AE /* QuartzHelpLibraryViewController_iPad.xib */ = {
			isa = PBXVariantGroup;
			children = (
				14BCBE61136162C200FE02AE /* en */,
			);
			name = QuartzHelpLibraryViewController_iPad.xib;
			sourceTree = "<group>";
		};
		14E25FF9136157B00070D216 /* MainWindow.xib */ = {
			isa = PBXVariantGroup;
			children = (
				14E25FFA136157B00070D216 /* en */,
			);
			name = MainWindow.xib;
			sourceTree = "<group>";
		};
/* End PBXVariantGroup section */

/* Begin XCBuildConfiguration section */
		148B5DA51352DBBD000DB37B /* Debug */ = {
			isa = XCBuildConfiguration;
			buildSettings = {
				ARCHS = "$(ARCHS_STANDARD_32_BIT)";
				"CODE_SIGN_IDENTITY[sdk=iphoneos*]" = "iPhone Developer: Yuichi Yoshida (AK9FYY958C)";
				GCC_C_LANGUAGE_STANDARD = gnu99;
				GCC_OPTIMIZATION_LEVEL = 0;
				GCC_PREPROCESSOR_DEFINITIONS = DEBUG;
				GCC_SYMBOLS_PRIVATE_EXTERN = NO;
				GCC_VERSION = com.apple.compilers.llvmgcc42;
				GCC_WARN_ABOUT_RETURN_TYPE = YES;
				GCC_WARN_UNUSED_VARIABLE = YES;
				IPHONEOS_DEPLOYMENT_TARGET = 4.3;
				"PROVISIONING_PROFILE[sdk=iphoneos*]" = "52C94F38-747A-40F0-9095-A20827044F3F";
				SDKROOT = iphoneos;
				TARGETED_DEVICE_FAMILY = "1,2";
			};
			name = Debug;
		};
		148B5DA61352DBBD000DB37B /* Release */ = {
			isa = XCBuildConfiguration;
			buildSettings = {
				ARCHS = "$(ARCHS_STANDARD_32_BIT)";
				"CODE_SIGN_IDENTITY[sdk=iphoneos*]" = "iPhone Developer: Yuichi Yoshida (AK9FYY958C)";
				GCC_C_LANGUAGE_STANDARD = gnu99;
				GCC_VERSION = com.apple.compilers.llvmgcc42;
				GCC_WARN_ABOUT_RETURN_TYPE = YES;
				GCC_WARN_UNUSED_VARIABLE = YES;
				IPHONEOS_DEPLOYMENT_TARGET = 4.3;
				OTHER_CFLAGS = "-DNS_BLOCK_ASSERTIONS=1";
				"PROVISIONING_PROFILE[sdk=iphoneos*]" = "52C94F38-747A-40F0-9095-A20827044F3F";
				SDKROOT = iphoneos;
				TARGETED_DEVICE_FAMILY = "1,2";
			};
			name = Release;
		};
		148B5DA81352DBBD000DB37B /* Debug */ = {
			isa = XCBuildConfiguration;
			buildSettings = {
				ALWAYS_SEARCH_USER_PATHS = NO;
				COPY_PHASE_STRIP = NO;
				GCC_DYNAMIC_NO_PIC = NO;
				GCC_PRECOMPILE_PREFIX_HEADER = YES;
				GCC_PREFIX_HEADER = "QuartzHelpLibrary/QuartzHelpLibrary-Prefix.pch";
				INFOPLIST_FILE = "QuartzHelpLibrary/QuartzHelpLibrary-Info.plist";
				PRODUCT_NAME = "$(TARGET_NAME)";
				TARGETED_DEVICE_FAMILY = "1,2";
				WRAPPER_EXTENSION = app;
			};
			name = Debug;
		};
		148B5DA91352DBBD000DB37B /* Release */ = {
			isa = XCBuildConfiguration;
			buildSettings = {
				ALWAYS_SEARCH_USER_PATHS = NO;
				COPY_PHASE_STRIP = YES;
				GCC_PRECOMPILE_PREFIX_HEADER = YES;
				GCC_PREFIX_HEADER = "QuartzHelpLibrary/QuartzHelpLibrary-Prefix.pch";
				INFOPLIST_FILE = "QuartzHelpLibrary/QuartzHelpLibrary-Info.plist";
				PRODUCT_NAME = "$(TARGET_NAME)";
				TARGETED_DEVICE_FAMILY = "1,2";
				VALIDATE_PRODUCT = YES;
				WRAPPER_EXTENSION = app;
			};
			name = Release;
		};
/* End XCBuildConfiguration section */

/* Begin XCConfigurationList section */
		148B5D801352DBBC000DB37B /* Build configuration list for PBXProject "QuartzHelpLibrary" */ = {
			isa = XCConfigurationList;
			buildConfigurations = (
				148B5DA51352DBBD000DB37B /* Debug */,
				148B5DA61352DBBD000DB37B /* Release */,
			);
			defaultConfigurationIsVisible = 0;
			defaultConfigurationName = Release;
		};
		148B5DA71352DBBD000DB37B /* Build configuration list for PBXNativeTarget "QuartzHelpLibrary" */ = {
			isa = XCConfigurationList;
			buildConfigurations = (
				148B5DA81352DBBD000DB37B /* Debug */,
				148B5DA91352DBBD000DB37B /* Release */,
			);
			defaultConfigurationIsVisible = 0;
			defaultConfigurationName = Release;
		};
/* End XCConfigurationList section */
	};
	rootObject = 148B5D7D1352DBBC000DB37B /* Project object */;
}
