// !$*UTF8*$!
{
	archiveVersion = 1;
	classes = {
	};
	objectVersion = 46;
	objects = {

/* Begin PBXBuildFile section */
		14687ABD1352DE8E0006B3C1 /* QuartzHelpLibrary.m in Sources */ = {isa = PBXBuildFile; fileRef = 14687ABC1352DE8E0006B3C1 /* QuartzHelpLibrary.m */; };
		14687AC61352E5F10006B3C1 /* iossdkhack.jpg in Resources */ = {isa = PBXBuildFile; fileRef = 14687AC21352E5F10006B3C1 /* iossdkhack.jpg */; };
		14687AC71352E5F10006B3C1 /* iossdkhack.png in Resources */ = {isa = PBXBuildFile; fileRef = 14687AC41352E5F10006B3C1 /* iossdkhack.png */; };
		148B5D8B1352DBBD000DB37B /* UIKit.framework in Frameworks */ = {isa = PBXBuildFile; fileRef = 148B5D8A1352DBBD000DB37B /* UIKit.framework */; };
		148B5D8D1352DBBD000DB37B /* Foundation.framework in Frameworks */ = {isa = PBXBuildFile; fileRef = 148B5D8C1352DBBD000DB37B /* Foundation.framework */; };
		148B5D8F1352DBBD000DB37B /* CoreGraphics.framework in Frameworks */ = {isa = PBXBuildFile; fileRef = 148B5D8E1352DBBD000DB37B /* CoreGraphics.framework */; };
		148B5D951352DBBD000DB37B /* InfoPlist.strings in Resources */ = {isa = PBXBuildFile; fileRef = 148B5D931352DBBD000DB37B /* InfoPlist.strings */; };
		148B5D981352DBBD000DB37B /* main.m in Sources */ = {isa = PBXBuildFile; fileRef = 148B5D971352DBBD000DB37B /* main.m */; };
		148B5D9B1352DBBD000DB37B /* QuartzHelpLibraryAppDelegate.m in Sources */ = {isa = PBXBuildFile; fileRef = 148B5D9A1352DBBD000DB37B /* QuartzHelpLibraryAppDelegate.m */; };
		148B5DA11352DBBD000DB37B /* QuartzHelpLibraryViewController.m in Sources */ = {isa = PBXBuildFile; fileRef = 148B5DA01352DBBD000DB37B /* QuartzHelpLibraryViewController.m */; };
		148B5DA41352DBBD000DB37B /* QuartzHelpLibraryViewController.xib in Resources */ = {isa = PBXBuildFile; fileRef = 148B5DA21352DBBD000DB37B /* QuartzHelpLibraryViewController.xib */; };
		14BCBE5913615FB900FE02AE /* MainWindow-iPad.xib in Resources */ = {isa = PBXBuildFile; fileRef = 14BCBE5713615FB900FE02AE /* MainWindow-iPad.xib */; };
		14BCBE5E1361610500FE02AE /* QuartzHelpLibraryViewController_iPad.m in Sources */ = {isa = PBXBuildFile; fileRef = 14BCBE5C1361610500FE02AE /* QuartzHelpLibraryViewController_iPad.m */; };
		14BCBE62136162C200FE02AE /* QuartzHelpLibraryViewController_iPad.xib in Resources */ = {isa = PBXBuildFile; fileRef = 14BCBE60136162C200FE02AE /* QuartzHelpLibraryViewController_iPad.xib */; };
		14E25FE013614C8D0070D216 /* TestDrawCGImageFromGrayPixel.m in Sources */ = {isa = PBXBuildFile; fileRef = 14E25FD913614C8D0070D216 /* TestDrawCGImageFromGrayPixel.m */; };
		14E25FE113614C8D0070D216 /* TestDrawCGImageFromRGBPixel.m in Sources */ = {isa = PBXBuildFile; fileRef = 14E25FDB13614C8D0070D216 /* TestDrawCGImageFromRGBPixel.m */; };
		14E25FE213614C8D0070D216 /* TestUIImageViewFromGrayPixel.m in Sources */ = {isa = PBXBuildFile; fileRef = 14E25FDD13614C8D0070D216 /* TestUIImageViewFromGrayPixel.m */; };
		14E25FE313614C8D0070D216 /* TestUIImageViewFromRGBPixel.m in Sources */ = {isa = PBXBuildFile; fileRef = 14E25FDF13614C8D0070D216 /* TestUIImageViewFromRGBPixel.m */; };
		14E25FE613614E2D0070D216 /* test.m in Sources */ = {isa = PBXBuildFile; fileRef = 14E25FE513614E2D0070D216 /* test.m */; };
		14E25FFB136157B00070D216 /* MainWindow.xib in Resources */ = {isa = PBXBuildFile; fileRef = 14E25FF9136157B00070D216 /* MainWindow.xib */; };
		14F9D6291360154400B786F0 /* UIImage+pixel.m in Sources */ = {isa = PBXBuildFile; fileRef = 14F9D6281360154400B786F0 /* UIImage+pixel.m */; };
/* End PBXBuildFile section */

/* Begin PBXFileReference section */
		14687ABB1352DE8E0006B3C1 /* QuartzHelpLibrary.h */ = {isa = PBXFileReference; fileEncoding = 4; lastKnownFileType = sourcecode.c.h; path = QuartzHelpLibrary.h; sourceTree = "<group>"; };
		14687ABC1352DE8E0006B3C1 /* QuartzHelpLibrary.m */ = {isa = PBXFileReference; fileEncoding = 4; lastKnownFileType = sourcecode.c.objc; path = QuartzHelpLibrary.m; sourceTree = "<group>"; };
		14687AC31352E5F10006B3C1 /* en */ = {isa = PBXFileReference; lastKnownFileType = image.jpeg; name = en; path = en.lproj/iossdkhack.jpg; sourceTree = "<group>"; };
		14687AC51352E5F10006B3C1 /* en */ = {isa = PBXFileReference; lastKnownFileType = image.png; name = en; path = en.lproj/iossdkhack.png; sourceTree = "<group>"; };
		148B5D861352DBBD000DB37B /* QuartzHelpLibrary.app */ = {isa = PBXFileReference; explicitFileType = wrapper.application; includeInIndex = 0; path = QuartzHelpLibrary.app; sourceTree = BUILT_PRODUCTS_DIR; };
		148B5D8A1352DBBD000DB37B /* UIKit.framework */ = {isa = PBXFileReference; lastKnownFileType = wrapper.framework; name = UIKit.framework; path = System/Library/Frameworks/UIKit.framework; sourceTree = SDKROOT; };
		148B5D8C1352DBBD000DB37B /* Foundation.framework */ = {isa = PBXFileReference; lastKnownFileType = wrapper.framework; name = Foundation.framework; path = System/Library/Frameworks/Foundation.framework; sourceTree = SDKROOT; };
		148B5D8E1352DBBD000DB37B /* CoreGraphics.framework */ = {isa = PBXFileReference; lastKnownFileType = wrapper.framework; name = CoreGraphics.framework; path = System/Library/Frameworks/CoreGraphics.framework; sourceTree = SDKROOT; };
		148B5D921352DBBD000DB37B /* QuartzHelpLibrary-Info.plist */ = {isa = PBXFileReference; lastKnownFileType = text.plist.xml; path = "QuartzHelpLibrary-Info.plist"; sourceTree = "<group>"; };
		148B5D941352DBBD000DB37B /* en */ = {isa = PBXFileReference; lastKnownFileType = text.plist.strings; name = en; path = en.lproj/InfoPlist.strings; sourceTree = "<group>"; };
		148B5D961352DBBD000DB37B /* QuartzHelpLibrary-Prefix.pch */ = {isa = PBXFileReference; lastKnownFileType = sourcecode.c.h; path = "QuartzHelpLibrary-Prefix.pch"; sourceTree = "<group>"; };
		148B5D971352DBBD000DB37B /* main.m */ = {isa = PBXFileReference; lastKnownFileType = sourcecode.c.objc; path = main.m; sourceTree = "<group>"; };
		148B5D991352DBBD000DB37B /* QuartzHelpLibraryAppDelegate.h */ = {isa = PBXFileReference; lastKnownFileType = sourcecode.c.h; path = QuartzHelpLibraryAppDelegate.h; sourceTree = "<group>"; };
		148B5D9A1352DBBD000DB37B /* QuartzHelpLibraryAppDelegate.m */ = {isa = PBXFileReference; lastKnownFileType = sourcecode.c.objc; path = QuartzHelpLibraryAppDelegate.m; sourceTree = "<group>"; };
		148B5D9F1352DBBD000DB37B /* QuartzHelpLibraryViewController.h */ = {isa = PBXFileReference; lastKnownFileType = sourcecode.c.h; path = QuartzHelpLibraryViewController.h; sourceTree = "<group>"; };
		148B5DA01352DBBD000DB37B /* QuartzHelpLibraryViewController.m */ = {isa = PBXFileReference; lastKnownFileType = sourcecode.c.objc; path = QuartzHelpLibraryViewController.m; sourceTree = "<group>"; };
		148B5DA31352DBBD000DB37B /* en */ = {isa = PBXFileReference; lastKnownFileType = file.xib; name = en; path = en.lproj/QuartzHelpLibraryViewController.xib; sourceTree = "<group>"; };
		14BCBE5813615FB900FE02AE /* en */ = {isa = PBXFileReference; lastKnownFileType = file.xib; name = en; path = "en.lproj/MainWindow-iPad.xib"; sourceTree = "<group>"; };
		14BCBE5B1361610400FE02AE /* QuartzHelpLibraryViewController_iPad.h */ = {isa = PBXFileReference; fileEncoding = 4; lastKnownFileType = sourcecode.c.h; path = QuartzHelpLibraryViewController_iPad.h; sourceTree = "<group>"; };
		14BCBE5C1361610500FE02AE /* QuartzHelpLibraryViewController_iPad.m */ = {isa = PBXFileReference; fileEncoding = 4; lastKnownFileType = sourcecode.c.objc; path = QuartzHelpLibraryViewController_iPad.m; sourceTree = "<group>"; };
		14BCBE61136162C200FE02AE /* en */ = {isa = PBXFileReference; lastKnownFileType = file.xib; name = en; path = en.lproj/QuartzHelpLibraryViewController_iPad.xib; sourceTree = "<group>"; };
		14E25FD813614C8D0070D216 /* TestDrawCGImageFromGrayPixel.h */ = {isa = PBXFileReference; fileEncoding = 4; lastKnownFileType = sourcecode.c.h; name = TestDrawCGImageFromGrayPixel.h; path = QuartzHelpLibrary/Test/TestDrawCGImageFromGrayPixel.h; sourceTree = "<group>"; };
		14E25FD913614C8D0070D216 /* TestDrawCGImageFromGrayPixel.m */ = {isa = PBXFileReference; fileEncoding = 4; lastKnownFileType = sourcecode.c.objc; name = TestDrawCGImageFromGrayPixel.m; path = QuartzHelpLibrary/Test/TestDrawCGImageFromGrayPixel.m; sourceTree = "<group>"; };
		14E25FDA13614C8D0070D216 /* TestDrawCGImageFromRGBPixel.h */ = {isa = PBXFileReference; fileEncoding = 4; lastKnownFileType = sourcecode.c.h; name = TestDrawCGImageFromRGBPixel.h; path = QuartzHelpLibrary/Test/TestDrawCGImageFromRGBPixel.h; sourceTree = "<group>"; };
		14E25FDB13614C8D0070D216 /* TestDrawCGImageFromRGBPixel.m */ = {isa = PBXFileReference; fileEncoding = 4; lastKnownFileType = sourcecode.c.objc; name = TestDrawCGImageFromRGBPixel.m; path = QuartzHelpLibrary/Test/TestDrawCGImageFromRGBPixel.m; sourceTree = "<group>"; };
		14E25FDC13614C8D0070D216 /* TestUIImageViewFromGrayPixel.h */ = {isa = PBXFileReference; fileEncoding = 4; lastKnownFileType = sourcecode.c.h; name = TestUIImageViewFromGrayPixel.h; path = QuartzHelpLibrary/Test/TestUIImageViewFromGrayPixel.h; sourceTree = "<group>"; };
		14E25FDD13614C8D0070D216 /* TestUIImageViewFromGrayPixel.m */ = {isa = PBXFileReference; fileEncoding = 4; lastKnownFileType = sourcecode.c.objc; name = TestUIImageViewFromGrayPixel.m; path = QuartzHelpLibrary/Test/TestUIImageViewFromGrayPixel.m; sourceTree = "<group>"; };
		14E25FDE13614C8D0070D216 /* TestUIImageViewFromRGBPixel.h */ = {isa = PBXFileReference; fileEncoding = 4; lastKnownFileType = sourcecode.c.h; name = TestUIImageViewFromRGBPixel.h; path = QuartzHelpLibrary/Test/TestUIImageViewFromRGBPixel.h; sourceTree = "<group>"; };
		14E25FDF13614C8D0070D216 /* TestUIImageViewFromRGBPixel.m */ = {isa = PBXFileReference; fileEncoding = 4; lastKnownFileType = sourcecode.c.objc; name = TestUIImageViewFromRGBPixel.m; path = QuartzHelpLibrary/Test/TestUIImageViewFromRGBPixel.m; sourceTree = "<group>"; };
		14E25FE413614E2D0070D216 /* test.h */ = {isa = PBXFileReference; fileEncoding = 4; lastKnownFileType = sourcecode.c.h; name = test.h; path = QuartzHelpLibrary/Test/test.h; sourceTree = "<group>"; };
		14E25FE513614E2D0070D216 /* test.m */ = {isa = PBXFileReference; fileEncoding = 4; lastKnownFileType = sourcecode.c.objc; name = test.m; path = QuartzHelpLibrary/Test/test.m; sourceTree = "<group>"; };
		14E25FFA136157B00070D216 /* en */ = {isa = PBXFileReference; lastKnownFileType = file.xib; name = en; path = en.lproj/MainWindow.xib; sourceTree = "<group>"; };
		14F9D6271360154400B786F0 /* UIImage+pixel.h */ = {isa = PBXFileReference; fileEncoding = 4; lastKnownFileType = sourcecode.c.h; path = "UIImage+pixel.h"; sourceTree = "<group>"; };
		14F9D6281360154400B786F0 /* UIImage+pixel.m */ = {isa = PBXFileReference; fileEncoding = 4; lastKnownFileType = sourcecode.c.objc; path = "UIImage+pixel.m"; sourceTree = "<group>"; };
/* End PBXFileReference section */

/* Begin PBXFrameworksBuildPhase section */
		148B5D831352DBBD000DB37B /* Frameworks */ = {
			isa = PBXFrameworksBuildPhase;
			buildActionMask = 2147483647;
			files = (
				148B5D8B1352DBBD000DB37B /* UIKit.framework in Frameworks */,
				148B5D8D1352DBBD000DB37B /* Foundation.framework in Frameworks */,
				148B5D8F1352DBBD000DB37B /* CoreGraphics.framework in Frameworks */,
			);
			runOnlyForDeploymentPostprocessing = 0;
		};
/* End PBXFrameworksBuildPhase section */

/* Begin PBXGroup section */
		1416AEBD1360143B00B89C45 /* Resources */ = {
			isa = PBXGroup;
			children = (
				14687AC21352E5F10006B3C1 /* iossdkhack.jpg */,
				14687AC41352E5F10006B3C1 /* iossdkhack.png */,
			);
			name = Resources;
			sourceTree = "<group>";
		};
		1416AEBE1360145500B89C45 /* Test */ = {
			isa = PBXGroup;
			children = (
				14E25FE413614E2D0070D216 /* test.h */,
				14E25FE513614E2D0070D216 /* test.m */,
				14E25FD813614C8D0070D216 /* TestDrawCGImageFromGrayPixel.h */,
				14E25FD913614C8D0070D216 /* TestDrawCGImageFromGrayPixel.m */,
				14E25FDA13614C8D0070D216 /* TestDrawCGImageFromRGBPixel.h */,
				14E25FDB13614C8D0070D216 /* TestDrawCGImageFromRGBPixel.m */,
				14E25FDC13614C8D0070D216 /* TestUIImageViewFromGrayPixel.h */,
				14E25FDD13614C8D0070D216 /* TestUIImageViewFromGrayPixel.m */,
				14E25FDE13614C8D0070D216 /* TestUIImageViewFromRGBPixel.h */,
				14E25FDF13614C8D0070D216 /* TestUIImageViewFromRGBPixel.m */,
			);
			name = Test;
			sourceTree = "<group>";
		};
		148B5D7B1352DBBC000DB37B = {
			isa = PBXGroup;
			children = (
				14F9D6271360154400B786F0 /* UIImage+pixel.h */,
				14F9D6281360154400B786F0 /* UIImage+pixel.m */,
				14687ABB1352DE8E0006B3C1 /* QuartzHelpLibrary.h */,
				14687ABC1352DE8E0006B3C1 /* QuartzHelpLibrary.m */,
				1416AEBE1360145500B89C45 /* Test */,
				1416AEBD1360143B00B89C45 /* Resources */,
				148B5D901352DBBD000DB37B /* QuartzHelpLibrary */,
				148B5D891352DBBD000DB37B /* Frameworks */,
				148B5D871352DBBD000DB37B /* Products */,
			);
			sourceTree = "<group>";
		};
		148B5D871352DBBD000DB37B /* Products */ = {
			isa = PBXGroup;
			children = (
				148B5D861352DBBD000DB37B /* QuartzHelpLibrary.app */,
			);
			name = Products;
			sourceTree = "<group>";
		};
		148B5D891352DBBD000DB37B /* Frameworks */ = {
			isa = PBXGroup;
			children = (
				148B5D8A1352DBBD000DB37B /* UIKit.framework */,
				148B5D8C1352DBBD000DB37B /* Foundation.framework */,
				148B5D8E1352DBBD000DB37B /* CoreGraphics.framework */,
			);
			name = Frameworks;
			sourceTree = "<group>";
		};
		148B5D901352DBBD000DB37B /* QuartzHelpLibrary */ = {
			isa = PBXGroup;
			children = (
				148B5D991352DBBD000DB37B /* QuartzHelpLibraryAppDelegate.h */,
				148B5D9A1352DBBD000DB37B /* QuartzHelpLibraryAppDelegate.m */,
				148B5D9F1352DBBD000DB37B /* QuartzHelpLibraryViewController.h */,
				148B5DA01352DBBD000DB37B /* QuartzHelpLibraryViewController.m */,
				14BCBE5B1361610400FE02AE /* QuartzHelpLibraryViewController_iPad.h */,
				14BCBE5C1361610500FE02AE /* QuartzHelpLibraryViewController_iPad.m */,
				148B5D911352DBBD000DB37B /* Supporting Files */,
			);
			path = QuartzHelpLibrary;
			sourceTree = "<group>";
		};
		148B5D911352DBBD000DB37B /* Supporting Files */ = {
			isa = PBXGroup;
			children = (
				148B5DA21352DBBD000DB37B /* QuartzHelpLibraryViewController.xib */,
				14BCBE60136162C200FE02AE /* QuartzHelpLibraryViewController_iPad.xib */,
				14E25FF9136157B00070D216 /* MainWindow.xib */,
				14BCBE5713615FB900FE02AE /* MainWindow-iPad.xib */,
				148B5D921352DBBD000DB37B /* QuartzHelpLibrary-Info.plist */,
				148B5D931352DBBD000DB37B /* InfoPlist.strings */,
				148B5D961352DBBD000DB37B /* QuartzHelpLibrary-Prefix.pch */,
				148B5D971352DBBD000DB37B /* main.m */,
			);
			name = "Supporting Files";
			sourceTree = "<group>";
		};
/* End PBXGroup section */

/* Begin PBXNativeTarget section */
		148B5D851352DBBD000DB37B /* QuartzHelpLibrary */ = {
			isa = PBXNativeTarget;
			buildConfigurationList = 148B5DA71352DBBD000DB37B /* Build configuration list for PBXNativeTarget "QuartzHelpLibrary" */;
			buildPhases = (
				148B5D821352DBBD000DB37B /* Sources */,
				148B5D831352DBBD000DB37B /* Frameworks */,
				148B5D841352DBBD000DB37B /* Resources */,
			);
			buildRules = (
			);
			dependencies = (
			);
			name = QuartzHelpLibrary;
			productName = QuartzHelpLibrary;
			productReference = 148B5D861352DBBD000DB37B /* QuartzHelpLibrary.app */;
			productType = "com.apple.product-type.application";
		};
/* End PBXNativeTarget section */

/* Begin PBXProject section */
		148B5D7D1352DBBC000DB37B /* Project object */ = {
			isa = PBXProject;
			buildConfigurationList = 148B5D801352DBBC000DB37B /* Build configuration list for PBXProject "QuartzHelpLibrary" */;
			compatibilityVersion = "Xcode 3.2";
			developmentRegion = English;
			hasScannedForEncodings = 0;
			knownRegions = (
				en,
			);
			mainGroup = 148B5D7B1352DBBC000DB37B;
			productRefGroup = 148B5D871352DBBD000DB37B /* Products */;
			projectDirPath = "";
			projectRoot = "";
			targets = (
				148B5D851352DBBD000DB37B /* QuartzHelpLibrary */,
			);
		};
/* End PBXProject section */

/* Begin PBXResourcesBuildPhase section */
		148B5D841352DBBD000DB37B /* Resources */ = {
			isa = PBXResourcesBuildPhase;
			buildActionMask = 2147483647;
			files = (
				148B5D951352DBBD000DB37B /* InfoPlist.strings in Resources */,
				148B5DA41352DBBD000DB37B /* QuartzHelpLibraryViewController.xib in Resources */,
				14687AC61352E5F10006B3C1 /* iossdkhack.jpg in Resources */,
				14687AC71352E5F10006B3C1 /* iossdkhack.png in Resources */,
				14E25FFB136157B00070D216 /* MainWindow.xib in Resources */,
				14BCBE5913615FB900FE02AE /* MainWindow-iPad.xib in Resources */,
				14BCBE62136162C200FE02AE /* QuartzHelpLibraryViewController_iPad.xib in Resources */,
			);
			runOnlyForDeploymentPostprocessing = 0;
		};
/* End PBXResourcesBuildPhase section */

/* Begin PBXSourcesBuildPhase section */
		148B5D821352DBBD000DB37B /* Sources */ = {
			isa = PBXSourcesBuildPhase;
			buildActionMask = 2147483647;
			files = (
				148B5D981352DBBD000DB37B /* main.m in Sources */,
				148B5D9B1352DBBD000DB37B /* QuartzHelpLibraryAppDelegate.m in Sources */,
				148B5DA11352DBBD000DB37B /* QuartzHelpLibraryViewController.m in Sources */,
				14687ABD1352DE8E0006B3C1 /* QuartzHelpLibrary.m in Sources */,
				14F9D6291360154400B786F0 /* UIImage+pixel.m in Sources */,
				14E25FE013614C8D0070D216 /* TestDrawCGImageFromGrayPixel.m in Sources */,
				14E25FE113614C8D0070D216 /* TestDrawCGImageFromRGBPixel.m in Sources */,
				14E25FE213614C8D0070D216 /* TestUIImageViewFromGrayPixel.m in Sources */,
				14E25FE313614C8D0070D216 /* TestUIImageViewFromRGBPixel.m in Sources */,
				14E25FE613614E2D0070D216 /* test.m in Sources */,
				14BCBE5E1361610500FE02AE /* QuartzHelpLibraryViewController_iPad.m in Sources */,
			);
			runOnlyForDeploymentPostprocessing = 0;
		};
/* End PBXSourcesBuildPhase section */

/* Begin PBXVariantGroup section */
		14687AC21352E5F10006B3C1 /* iossdkhack.jpg */ = {
			isa = PBXVariantGroup;
			children = (
				14687AC31352E5F10006B3C1 /* en */,
			);
			name = iossdkhack.jpg;
			path = QuartzHelpLibrary;
			sourceTree = "<group>";
		};
		14687AC41352E5F10006B3C1 /* iossdkhack.png */ = {
			isa = PBXVariantGroup;
			children = (
				14687AC51352E5F10006B3C1 /* en */,
			);
			name = iossdkhack.png;
			path = QuartzHelpLibrary;
			sourceTree = "<group>";
		};
		148B5D931352DBBD000DB37B /* InfoPlist.strings */ = {
			isa = PBXVariantGroup;
			children = (
				148B5D941352DBBD000DB37B /* en */,
			);
			name = InfoPlist.strings;
			sourceTree = "<group>";
		};
		148B5DA21352DBBD000DB37B /* QuartzHelpLibraryViewController.xib */ = {
			isa = PBXVariantGroup;
			children = (
				148B5DA31352DBBD000DB37B /* en */,
			);
			name = QuartzHelpLibraryViewController.xib;
			sourceTree = "<group>";
		};
		14BCBE5713615FB900FE02AE /* MainWindow-iPad.xib */ = {
			isa = PBXVariantGroup;
			children = (
				14BCBE5813615FB900FE02AE /* en */,
			);
			name = "MainWindow-iPad.xib";
			sourceTree = "<group>";
		};
		14BCBE60136162C200FE02AE /* QuartzHelpLibraryViewController_iPad.xib */ = {
			isa = PBXVariantGroup;
			children = (
				14BCBE61136162C200FE02AE /* en */,
			);
			name = QuartzHelpLibraryViewController_iPad.xib;
			sourceTree = "<group>";
		};
		14E25FF9136157B00070D216 /* MainWindow.xib */ = {
			isa = PBXVariantGroup;
			children = (
				14E25FFA136157B00070D216 /* en */,
			);
			name = MainWindow.xib;
			sourceTree = "<group>";
		};
/* End PBXVariantGroup section */

/* Begin XCBuildConfiguration section */
		148B5DA51352DBBD000DB37B /* Debug */ = {
			isa = XCBuildConfiguration;
			buildSettings = {
				ARCHS = "$(ARCHS_STANDARD_32_BIT)";
				"CODE_SIGN_IDENTITY[sdk=iphoneos*]" = "iPhone Developer: Yuichi Yoshida (AK9FYY958C)";
				GCC_C_LANGUAGE_STANDARD = gnu99;
				GCC_OPTIMIZATION_LEVEL = 0;
				GCC_PREPROCESSOR_DEFINITIONS = DEBUG;
				GCC_SYMBOLS_PRIVATE_EXTERN = NO;
				GCC_VERSION = com.apple.compilers.llvmgcc42;
				GCC_WARN_ABOUT_RETURN_TYPE = YES;
				GCC_WARN_UNUSED_VARIABLE = YES;
				IPHONEOS_DEPLOYMENT_TARGET = 4.3;
				"PROVISIONING_PROFILE[sdk=iphoneos*]" = "52C94F38-747A-40F0-9095-A20827044F3F";
				SDKROOT = iphoneos;
				TARGETED_DEVICE_FAMILY = "1,2";
			};
			name = Debug;
		};
		148B5DA61352DBBD000DB37B /* Release */ = {
			isa = XCBuildConfiguration;
			buildSettings = {
				ARCHS = "$(ARCHS_STANDARD_32_BIT)";
				"CODE_SIGN_IDENTITY[sdk=iphoneos*]" = "iPhone Developer: Yuichi Yoshida (AK9FYY958C)";
				GCC_C_LANGUAGE_STANDARD = gnu99;
				GCC_VERSION = com.apple.compilers.llvmgcc42;
				GCC_WARN_ABOUT_RETURN_TYPE = YES;
				GCC_WARN_UNUSED_VARIABLE = YES;
				IPHONEOS_DEPLOYMENT_TARGET = 4.3;
				OTHER_CFLAGS = "-DNS_BLOCK_ASSERTIONS=1";
				"PROVISIONING_PROFILE[sdk=iphoneos*]" = "52C94F38-747A-40F0-9095-A20827044F3F";
				SDKROOT = iphoneos;
				TARGETED_DEVICE_FAMILY = "1,2";
			};
			name = Release;
		};
		148B5DA81352DBBD000DB37B /* Debug */ = {
			isa = XCBuildConfiguration;
			buildSettings = {
				ALWAYS_SEARCH_USER_PATHS = NO;
				COPY_PHASE_STRIP = NO;
				GCC_DYNAMIC_NO_PIC = NO;
				GCC_PRECOMPILE_PREFIX_HEADER = YES;
				GCC_PREFIX_HEADER = "QuartzHelpLibrary/QuartzHelpLibrary-Prefix.pch";
				INFOPLIST_FILE = "QuartzHelpLibrary/QuartzHelpLibrary-Info.plist";
				PRODUCT_NAME = "$(TARGET_NAME)";
				TARGETED_DEVICE_FAMILY = "1,2";
				WRAPPER_EXTENSION = app;
			};
			name = Debug;
		};
		148B5DA91352DBBD000DB37B /* Release */ = {
			isa = XCBuildConfiguration;
			buildSettings = {
				ALWAYS_SEARCH_USER_PATHS = NO;
				COPY_PHASE_STRIP = YES;
				GCC_PRECOMPILE_PREFIX_HEADER = YES;
				GCC_PREFIX_HEADER = "QuartzHelpLibrary/QuartzHelpLibrary-Prefix.pch";
				INFOPLIST_FILE = "QuartzHelpLibrary/QuartzHelpLibrary-Info.plist";
				PRODUCT_NAME = "$(TARGET_NAME)";
				TARGETED_DEVICE_FAMILY = "1,2";
				VALIDATE_PRODUCT = YES;
				WRAPPER_EXTENSION = app;
			};
			name = Release;
		};
/* End XCBuildConfiguration section */

/* Begin XCConfigurationList section */
		148B5D801352DBBC000DB37B /* Build configuration list for PBXProject "QuartzHelpLibrary" */ = {
			isa = XCConfigurationList;
			buildConfigurations = (
				148B5DA51352DBBD000DB37B /* Debug */,
				148B5DA61352DBBD000DB37B /* Release */,
			);
			defaultConfigurationIsVisible = 0;
			defaultConfigurationName = Release;
		};
		148B5DA71352DBBD000DB37B /* Build configuration list for PBXNativeTarget "QuartzHelpLibrary" */ = {
			isa = XCConfigurationList;
			buildConfigurations = (
				148B5DA81352DBBD000DB37B /* Debug */,
				148B5DA91352DBBD000DB37B /* Release */,
			);
			defaultConfigurationIsVisible = 0;
			defaultConfigurationName = Release;
		};
/* End XCConfigurationList section */
	};
	rootObject = 148B5D7D1352DBBC000DB37B /* Project object */;
}
